# This file is autogenerated and supposed to be committed to the git repository.
# Changing this file is not recommended and will likely break the build.
# Run `./gradlew --write-locks` to regenerate.
_libgcc_mutex=0.1=conda_forge @ linux-64
_openmp_mutex=4.5=2_gnu @ linux-64
attrs=22.2.0=pyh71513ae_0 @ noarch
backports.functools_lru_cache=1.6.5=pyhd8ed1ab_0 @ noarch
backports=1.0=pyhd8ed1ab_3 @ noarch
ca-certificates=2023.08.22=h06a4308_0 @ linux-64
execnet=1.9.0=pyhd3eb1b0_0 @ noarch
importlib-metadata=4.8.1=py36h5fab9bb_0 @ linux-64
importlib_metadata=4.8.1=hd8ed1ab_1 @ noarch
ld_impl_linux-64=2.40=h41732ed_0 @ linux-64
libblas=3.9.0=18_linux64_openblas @ linux-64
libcblas=3.9.0=18_linux64_openblas @ linux-64
libffi=3.4.4=h6a678d5_0 @ linux-64
libgcc-ng=13.2.0=h807b86a_2 @ linux-64
libgfortran-ng=13.2.0=h69a702a_2 @ linux-64
libgfortran5=13.2.0=ha4646dd_2 @ linux-64
libgomp=13.2.0=h807b86a_2 @ linux-64
liblapack=3.9.0=18_linux64_openblas @ linux-64
libnsl=2.0.0=hd590300_1 @ linux-64
libopenblas=0.3.24=pthreads_h413a1c8_0 @ linux-64
libstdcxx-ng=13.2.0=h7e041cc_2 @ linux-64
libzlib=1.2.13=hd590300_5 @ linux-64
more-itertools=9.1.0=pyhd8ed1ab_0 @ noarch
ncurses=6.2=h58526e2_4 @ linux-64
numpy=1.19.5=py36hfc0c790_2 @ linux-64
openssl=1.1.1w=hd590300_0 @ linux-64
packaging=21.3=pyhd8ed1ab_0 @ noarch
palantir-spark-time=3.23.0=py_0 @ noarch
pandas=1.1.5=py36ha9443f7_0 @ linux-64
pip=22.0.2=pyhd8ed1ab_0 @ noarch
pluggy=0.13.1=py36h5fab9bb_4 @ linux-64
psutil=5.8.0=py36h8f6f2f9_1 @ linux-64
py4j=0.10.9.7=pyhd8ed1ab_0 @ noarch
py=1.11.0=pyhd3eb1b0_0 @ noarch
pyparsing=3.1.1=pyhd8ed1ab_0 @ noarch
pyspark-src=3.2.1.54=py_0 @ noarch
pyspark=3.2.1.54=py_0 @ noarch
pytest-forked=1.6.0=pyhd8ed1ab_0 @ noarch
pytest-html=1.22.0=py_0 @ noarch
pytest-metadata=1.11.0=py36h06a4308_0 @ linux-64
pytest-transforms=1.794.0=py_0 @ noarch
pytest-xdist=1.34.0=py_0 @ noarch
pytest=5.4.3=py36h9f0ad1d_0 @ linux-64
python-dateutil=2.8.2=pyhd8ed1ab_0 @ noarch
python=3.6.15=hb7a2778_0_cpython @ linux-64
python_abi=3.6=2_cp36m @ linux-64
pytz=2023.3.post1=pyhd8ed1ab_0 @ noarch
readline=8.1=h46c0cb4_0 @ linux-64
setuptools=58.0.4=py36h5fab9bb_2 @ linux-64
six=1.16.0=pyhd3eb1b0_1 @ noarch
sqlite=3.40.1=h5082296_0 @ linux-64
tk=8.6.13=h2797004_0 @ linux-64
typing_extensions=4.1.1=pyha770c72_0 @ noarch
wcwidth=0.2.8=pyhd8ed1ab_0 @ noarch
wheel=0.37.1=pyhd8ed1ab_0 @ noarch
xz=5.2.10=h5eee18b_1 @ linux-64
zipp=3.7.0=pyhd8ed1ab_0 @ noarch
zlib=1.2.13=hd590300_5 @ linux-64

[Conda lock version]
v2 - 9a3e97cb1b8f779fb77850ecfae3f8386b6182620f20e3825e5473803eaec385
